{
  "requires": true,
  "lockfileVersion": 1,
  "dependencies": {
    "dropzone": {
      "version": "5.7.0",
      "resolved": "https://registry.npmjs.org/dropzone/-/dropzone-5.7.0.tgz",
      "integrity": "sha512-kOltiZXH5cO/72I22JjE+w6BoT6uaVLfWdFMsi1PMKFkU6BZWpqRwjnsRm0o6ANGTBuZar5Piu7m/CbKqRPiYg=="
    },
    "vue2-dropzone": {
      "version": "3.6.0",
      "resolved": "https://registry.npmjs.org/vue2-dropzone/-/vue2-dropzone-3.6.0.tgz",
      "integrity": "sha512-YXC1nCWIZvfa98e/i6h+EshZCkFSxFEh0Sxr9ODfThAPPDVhAzLLlz/4XIx0NGO1QeSy6htwSstte47R7vVhLQ==",
      "requires": {
        "dropzone": "^5.5.1"
      }
    }
  }
}
